
Microsoft Visual Studio Solution File, Format Version 12.00
# Visual Studio Version 17
VisualStudioVersion = 17.6.33829.357
MinimumVisualStudioVersion = 10.0.40219.1
Project("{9A19103F-16F7-4668-BE54-9A1E7A4F7556}") = "Entities", "Entities\Entities.csproj", "{A709C71B-4AE6-4347-A81E-0E0CCBB5AB91}"
EndProject
Project("{9A19103F-16F7-4668-BE54-9A1E7A4F7556}") = "Business", "Business\Business.csproj", "{7C9908DA-222E-4519-A538-18F4CA0F06C2}"
EndProject
Project("{9A19103F-16F7-4668-BE54-9A1E7A4F7556}") = "DataAccess", "DataAccess\DataAccess.csproj", "{7B278A75-EDB5-4428-9F70-C2E1CF32AFEF}"
EndProject
Project("{9A19103F-16F7-4668-BE54-9A1E7A4F7556}") = "Core", "Core\Core.csproj", "{9A0FB142-0B61-4FAB-A029-791ECBB7D450}"
EndProject
Project("{9A19103F-16F7-4668-BE54-9A1E7A4F7556}") = "WebAPI", "WebAPI\WebAPI.csproj", "{7CAD78D7-224B-48F3-9FB4-09AAB340B867}"
EndProject
Project("{2150E333-8FDC-42A3-9474-1A3956D46DE8}") = "_CommonDll", "_CommonDll", "{61584A54-D174-4A1D-B9FF-F83AE407C15C}"
	ProjectSection(SolutionItems) = preProject
		_CommonDll\PointCore.Framework.dll = _CommonDll\PointCore.Framework.dll
		_CommonDll\Verify.Ldap.Domain.dll = _CommonDll\Verify.Ldap.Domain.dll
	EndProjectSection
EndProject
Global
	GlobalSection(SolutionConfigurationPlatforms) = preSolution
		Debug|Any CPU = Debug|Any CPU
		Release|Any CPU = Release|Any CPU
	EndGlobalSection
	GlobalSection(ProjectConfigurationPlatforms) = postSolution
		{A709C71B-4AE6-4347-A81E-0E0CCBB5AB91}.Debug|Any CPU.ActiveCfg = Debug|Any CPU
		{A709C71B-4AE6-4347-A81E-0E0CCBB5AB91}.Debug|Any CPU.Build.0 = Debug|Any CPU
		{A709C71B-4AE6-4347-A81E-0E0CCBB5AB91}.Release|Any CPU.ActiveCfg = Release|Any CPU
		{A709C71B-4AE6-4347-A81E-0E0CCBB5AB91}.Release|Any CPU.Build.0 = Release|Any CPU
		{7C9908DA-222E-4519-A538-18F4CA0F06C2}.Debug|Any CPU.ActiveCfg = Debug|Any CPU
		{7C9908DA-222E-4519-A538-18F4CA0F06C2}.Debug|Any CPU.Build.0 = Debug|Any CPU
		{7C9908DA-222E-4519-A538-18F4CA0F06C2}.Release|Any CPU.ActiveCfg = Release|Any CPU
		{7C9908DA-222E-4519-A538-18F4CA0F06C2}.Release|Any CPU.Build.0 = Release|Any CPU
		{7B278A75-EDB5-4428-9F70-C2E1CF32AFEF}.Debug|Any CPU.ActiveCfg = Debug|Any CPU
		{7B278A75-EDB5-4428-9F70-C2E1CF32AFEF}.Debug|Any CPU.Build.0 = Debug|Any CPU
		{7B278A75-EDB5-4428-9F70-C2E1CF32AFEF}.Release|Any CPU.ActiveCfg = Release|Any CPU
		{7B278A75-EDB5-4428-9F70-C2E1CF32AFEF}.Release|Any CPU.Build.0 = Release|Any CPU
		{9A0FB142-0B61-4FAB-A029-791ECBB7D450}.Debug|Any CPU.ActiveCfg = Debug|Any CPU
		{9A0FB142-0B61-4FAB-A029-791ECBB7D450}.Debug|Any CPU.Build.0 = Debug|Any CPU
		{9A0FB142-0B61-4FAB-A029-791ECBB7D450}.Release|Any CPU.ActiveCfg = Release|Any CPU
		{9A0FB142-0B61-4FAB-A029-791ECBB7D450}.Release|Any CPU.Build.0 = Release|Any CPU
		{7CAD78D7-224B-48F3-9FB4-09AAB340B867}.Debug|Any CPU.ActiveCfg = Debug|Any CPU
		{7CAD78D7-224B-48F3-9FB4-09AAB340B867}.Debug|Any CPU.Build.0 = Debug|Any CPU
		{7CAD78D7-224B-48F3-9FB4-09AAB340B867}.Release|Any CPU.ActiveCfg = Release|Any CPU
		{7CAD78D7-224B-48F3-9FB4-09AAB340B867}.Release|Any CPU.Build.0 = Release|Any CPU
	EndGlobalSection
	GlobalSection(SolutionProperties) = preSolution
		HideSolutionNode = FALSE
	EndGlobalSection
	GlobalSection(ExtensibilityGlobals) = postSolution
		SolutionGuid = {BBF0B013-50D8-4B3D-AC38-2DEB8992A80B}
	EndGlobalSection
EndGlobal
